
Microsoft Visual Studio Solution File, Format Version 12.00
# Visual Studio Version 17
VisualStudioVersion = 17.3.32819.101
MinimumVisualStudioVersion = 10.0.40219.1
Project("{888888A0-9F3D-457C-B088-3A5042F75D52}") = "kap 1-3 Uppgift 2", "kap 1-3 Uppgift 2\kap 1-3 Uppgift 2.pyproj", "{E7A9A72D-04BA-4183-8812-3B6596CBA5C5}"
EndProject
Global
	GlobalSection(SolutionConfigurationPlatforms) = preSolution
		Debug|Any CPU = Debug|Any CPU
		Release|Any CPU = Release|Any CPU
	EndGlobalSection
	GlobalSection(ProjectConfigurationPlatforms) = postSolution
		{E7A9A72D-04BA-4183-8812-3B6596CBA5C5}.Debug|Any CPU.ActiveCfg = Debug|Any CPU
		{E7A9A72D-04BA-4183-8812-3B6596CBA5C5}.Release|Any CPU.ActiveCfg = Release|Any CPU
	EndGlobalSection
	GlobalSection(SolutionProperties) = preSolution
		HideSolutionNode = FALSE
	EndGlobalSection
	GlobalSection(ExtensibilityGlobals) = postSolution
		SolutionGuid = {BFDD6E72-0C9D-4C2C-A1B1-83F2A0723C65}
	EndGlobalSection
EndGlobal
